// !$*UTF8*$!
{
	archiveVersion = 1;
	classes = {
	};
	objectVersion = 46;
	objects = {

/* Begin PBXBuildFile section */
		C234108417190E0C00E7E802 /* UIKit.framework in Frameworks */ = {isa = PBXBuildFile; fileRef = C234108317190E0C00E7E802 /* UIKit.framework */; };
		C234108617190E0C00E7E802 /* Foundation.framework in Frameworks */ = {isa = PBXBuildFile; fileRef = C234108517190E0C00E7E802 /* Foundation.framework */; };
		C234108817190E0C00E7E802 /* CoreGraphics.framework in Frameworks */ = {isa = PBXBuildFile; fileRef = C234108717190E0C00E7E802 /* CoreGraphics.framework */; };
		C234108E17190E0C00E7E802 /* InfoPlist.strings in Resources */ = {isa = PBXBuildFile; fileRef = C234108C17190E0C00E7E802 /* InfoPlist.strings */; };
		C234109017190E0C00E7E802 /* main.m in Sources */ = {isa = PBXBuildFile; fileRef = C234108F17190E0C00E7E802 /* main.m */; };
		C234109417190E0C00E7E802 /* AppDelegate.m in Sources */ = {isa = PBXBuildFile; fileRef = C234109317190E0C00E7E802 /* AppDelegate.m */; };
		C234109617190E0C00E7E802 /* Default.png in Resources */ = {isa = PBXBuildFile; fileRef = C234109517190E0C00E7E802 /* Default.png */; };
		C234109817190E0C00E7E802 /* Default@2x.png in Resources */ = {isa = PBXBuildFile; fileRef = C234109717190E0C00E7E802 /* Default@2x.png */; };
		C234109A17190E0C00E7E802 /* Default-568h@2x.png in Resources */ = {isa = PBXBuildFile; fileRef = C234109917190E0C00E7E802 /* Default-568h@2x.png */; };
		C234109D17190E0C00E7E802 /* MainStoryboard_iPhone.storyboard in Resources */ = {isa = PBXBuildFile; fileRef = C234109B17190E0C00E7E802 /* MainStoryboard_iPhone.storyboard */; };
		C23410A017190E0C00E7E802 /* MainStoryboard_iPad.storyboard in Resources */ = {isa = PBXBuildFile; fileRef = C234109E17190E0C00E7E802 /* MainStoryboard_iPad.storyboard */; };
		C23410A317190E0C00E7E802 /* ViewController.m in Sources */ = {isa = PBXBuildFile; fileRef = C23410A217190E0C00E7E802 /* ViewController.m */; };
/* End PBXBuildFile section */

/* Begin PBXFileReference section */
		C234108017190E0C00E7E802 /* DictionaryRemoveAllObjectsSample.app */ = {isa = PBXFileReference; explicitFileType = wrapper.application; includeInIndex = 0; path = DictionaryRemoveAllObjectsSample.app; sourceTree = BUILT_PRODUCTS_DIR; };
		C234108317190E0C00E7E802 /* UIKit.framework */ = {isa = PBXFileReference; lastKnownFileType = wrapper.framework; name = UIKit.framework; path = System/Library/Frameworks/UIKit.framework; sourceTree = SDKROOT; };
		C234108517190E0C00E7E802 /* Foundation.framework */ = {isa = PBXFileReference; lastKnownFileType = wrapper.framework; name = Foundation.framework; path = System/Library/Frameworks/Foundation.framework; sourceTree = SDKROOT; };
		C234108717190E0C00E7E802 /* CoreGraphics.framework */ = {isa = PBXFileReference; lastKnownFileType = wrapper.framework; name = CoreGraphics.framework; path = System/Library/Frameworks/CoreGraphics.framework; sourceTree = SDKROOT; };
		C234108B17190E0C00E7E802 /* DictionaryRemoveAllObjectsSample-Info.plist */ = {isa = PBXFileReference; lastKnownFileType = text.plist.xml; path = "DictionaryRemoveAllObjectsSample-Info.plist"; sourceTree = "<group>"; };
		C234108D17190E0C00E7E802 /* en */ = {isa = PBXFileReference; lastKnownFileType = text.plist.strings; name = en; path = en.lproj/InfoPlist.strings; sourceTree = "<group>"; };
		C234108F17190E0C00E7E802 /* main.m */ = {isa = PBXFileReference; lastKnownFileType = sourcecode.c.objc; path = main.m; sourceTree = "<group>"; };
		C234109117190E0C00E7E802 /* DictionaryRemoveAllObjectsSample-Prefix.pch */ = {isa = PBXFileReference; lastKnownFileType = sourcecode.c.h; path = "DictionaryRemoveAllObjectsSample-Prefix.pch"; sourceTree = "<group>"; };
		C234109217190E0C00E7E802 /* AppDelegate.h */ = {isa = PBXFileReference; lastKnownFileType = sourcecode.c.h; path = AppDelegate.h; sourceTree = "<group>"; };
		C234109317190E0C00E7E802 /* AppDelegate.m */ = {isa = PBXFileReference; lastKnownFileType = sourcecode.c.objc; path = AppDelegate.m; sourceTree = "<group>"; };
		C234109517190E0C00E7E802 /* Default.png */ = {isa = PBXFileReference; lastKnownFileType = image.png; path = Default.png; sourceTree = "<group>"; };
		C234109717190E0C00E7E802 /* Default@2x.png */ = {isa = PBXFileReference; lastKnownFileType = image.png; path = "Default@2x.png"; sourceTree = "<group>"; };
		C234109917190E0C00E7E802 /* Default-568h@2x.png */ = {isa = PBXFileReference; lastKnownFileType = image.png; path = "Default-568h@2x.png"; sourceTree = "<group>"; };
		C234109C17190E0C00E7E802 /* en */ = {isa = PBXFileReference; lastKnownFileType = file.storyboard; name = en; path = en.lproj/MainStoryboard_iPhone.storyboard; sourceTree = "<group>"; };
		C234109F17190E0C00E7E802 /* en */ = {isa = PBXFileReference; lastKnownFileType = file.storyboard; name = en; path = en.lproj/MainStoryboard_iPad.storyboard; sourceTree = "<group>"; };
		C23410A117190E0C00E7E802 /* ViewController.h */ = {isa = PBXFileReference; lastKnownFileType = sourcecode.c.h; path = ViewController.h; sourceTree = "<group>"; };
		C23410A217190E0C00E7E802 /* ViewController.m */ = {isa = PBXFileReference; lastKnownFileType = sourcecode.c.objc; path = ViewController.m; sourceTree = "<group>"; };
/* End PBXFileReference section */

/* Begin PBXFrameworksBuildPhase section */
		C234107D17190E0C00E7E802 /* Frameworks */ = {
			isa = PBXFrameworksBuildPhase;
			buildActionMask = 2147483647;
			files = (
				C234108417190E0C00E7E802 /* UIKit.framework in Frameworks */,
				C234108617190E0C00E7E802 /* Foundation.framework in Frameworks */,
				C234108817190E0C00E7E802 /* CoreGraphics.framework in Frameworks */,
			);
			runOnlyForDeploymentPostprocessing = 0;
		};
/* End PBXFrameworksBuildPhase section */

/* Begin PBXGroup section */
		C234107717190E0C00E7E802 = {
			isa = PBXGroup;
			children = (
				C234108917190E0C00E7E802 /* DictionaryRemoveAllObjectsSample */,
				C234108217190E0C00E7E802 /* Frameworks */,
				C234108117190E0C00E7E802 /* Products */,
			);
			sourceTree = "<group>";
		};
		C234108117190E0C00E7E802 /* Products */ = {
			isa = PBXGroup;
			children = (
				C234108017190E0C00E7E802 /* DictionaryRemoveAllObjectsSample.app */,
			);
			name = Products;
			sourceTree = "<group>";
		};
		C234108217190E0C00E7E802 /* Frameworks */ = {
			isa = PBXGroup;
			children = (
				C234108317190E0C00E7E802 /* UIKit.framework */,
				C234108517190E0C00E7E802 /* Foundation.framework */,
				C234108717190E0C00E7E802 /* CoreGraphics.framework */,
			);
			name = Frameworks;
			sourceTree = "<group>";
		};
		C234108917190E0C00E7E802 /* DictionaryRemoveAllObjectsSample */ = {
			isa = PBXGroup;
			children = (
				C234109217190E0C00E7E802 /* AppDelegate.h */,
				C234109317190E0C00E7E802 /* AppDelegate.m */,
				C234109B17190E0C00E7E802 /* MainStoryboard_iPhone.storyboard */,
				C234109E17190E0C00E7E802 /* MainStoryboard_iPad.storyboard */,
				C23410A117190E0C00E7E802 /* ViewController.h */,
				C23410A217190E0C00E7E802 /* ViewController.m */,
				C234108A17190E0C00E7E802 /* Supporting Files */,
			);
			path = DictionaryRemoveAllObjectsSample;
			sourceTree = "<group>";
		};
		C234108A17190E0C00E7E802 /* Supporting Files */ = {
			isa = PBXGroup;
			children = (
				C234108B17190E0C00E7E802 /* DictionaryRemoveAllObjectsSample-Info.plist */,
				C234108C17190E0C00E7E802 /* InfoPlist.strings */,
				C234108F17190E0C00E7E802 /* main.m */,
				C234109117190E0C00E7E802 /* DictionaryRemoveAllObjectsSample-Prefix.pch */,
				C234109517190E0C00E7E802 /* Default.png */,
				C234109717190E0C00E7E802 /* Default@2x.png */,
				C234109917190E0C00E7E802 /* Default-568h@2x.png */,
			);
			name = "Supporting Files";
			sourceTree = "<group>";
		};
/* End PBXGroup section */

/* Begin PBXNativeTarget section */
		C234107F17190E0C00E7E802 /* DictionaryRemoveAllObjectsSample */ = {
			isa = PBXNativeTarget;
			buildConfigurationList = C23410A617190E0C00E7E802 /* Build configuration list for PBXNativeTarget "DictionaryRemoveAllObjectsSample" */;
			buildPhases = (
				C234107C17190E0C00E7E802 /* Sources */,
				C234107D17190E0C00E7E802 /* Frameworks */,
				C234107E17190E0C00E7E802 /* Resources */,
			);
			buildRules = (
			);
			dependencies = (
			);
			name = DictionaryRemoveAllObjectsSample;
			productName = DictionaryRemoveAllObjectsSample;
			productReference = C234108017190E0C00E7E802 /* DictionaryRemoveAllObjectsSample.app */;
			productType = "com.apple.product-type.application";
		};
/* End PBXNativeTarget section */

/* Begin PBXProject section */
		C234107817190E0C00E7E802 /* Project object */ = {
			isa = PBXProject;
			attributes = {
				LastUpgradeCheck = 0460;
				ORGANIZATIONNAME = Dolice;
			};
			buildConfigurationList = C234107B17190E0C00E7E802 /* Build configuration list for PBXProject "DictionaryRemoveAllObjectsSample" */;
			compatibilityVersion = "Xcode 3.2";
			developmentRegion = English;
			hasScannedForEncodings = 0;
			knownRegions = (
				en,
			);
			mainGroup = C234107717190E0C00E7E802;
			productRefGroup = C234108117190E0C00E7E802 /* Products */;
			projectDirPath = "";
			projectRoot = "";
			targets = (
				C234107F17190E0C00E7E802 /* DictionaryRemoveAllObjectsSample */,
			);
		};
/* End PBXProject section */

/* Begin PBXResourcesBuildPhase section */
		C234107E17190E0C00E7E802 /* Resources */ = {
			isa = PBXResourcesBuildPhase;
			buildActionMask = 2147483647;
			files = (
				C234108E17190E0C00E7E802 /* InfoPlist.strings in Resources */,
				C234109617190E0C00E7E802 /* Default.png in Resources */,
				C234109817190E0C00E7E802 /* Default@2x.png in Resources */,
				C234109A17190E0C00E7E802 /* Default-568h@2x.png in Resources */,
				C234109D17190E0C00E7E802 /* MainStoryboard_iPhone.storyboard in Resources */,
				C23410A017190E0C00E7E802 /* MainStoryboard_iPad.storyboard in Resources */,
			);
			runOnlyForDeploymentPostprocessing = 0;
		};
/* End PBXResourcesBuildPhase section */

/* Begin PBXSourcesBuildPhase section */
		C234107C17190E0C00E7E802 /* Sources */ = {
			isa = PBXSourcesBuildPhase;
			buildActionMask = 2147483647;
			files = (
				C234109017190E0C00E7E802 /* main.m in Sources */,
				C234109417190E0C00E7E802 /* AppDelegate.m in Sources */,
				C23410A317190E0C00E7E802 /* ViewController.m in Sources */,
			);
			runOnlyForDeploymentPostprocessing = 0;
		};
/* End PBXSourcesBuildPhase section */

/* Begin PBXVariantGroup section */
		C234108C17190E0C00E7E802 /* InfoPlist.strings */ = {
			isa = PBXVariantGroup;
			children = (
				C234108D17190E0C00E7E802 /* en */,
			);
			name = InfoPlist.strings;
			sourceTree = "<group>";
		};
		C234109B17190E0C00E7E802 /* MainStoryboard_iPhone.storyboard */ = {
			isa = PBXVariantGroup;
			children = (
				C234109C17190E0C00E7E802 /* en */,
			);
			name = MainStoryboard_iPhone.storyboard;
			sourceTree = "<group>";
		};
		C234109E17190E0C00E7E802 /* MainStoryboard_iPad.storyboard */ = {
			isa = PBXVariantGroup;
			children = (
				C234109F17190E0C00E7E802 /* en */,
			);
			name = MainStoryboard_iPad.storyboard;
			sourceTree = "<group>";
		};
/* End PBXVariantGroup section */

/* Begin XCBuildConfiguration section */
		C23410A417190E0C00E7E802 /* Debug */ = {
			isa = XCBuildConfiguration;
			buildSettings = {
				ALWAYS_SEARCH_USER_PATHS = NO;
				CLANG_CXX_LANGUAGE_STANDARD = "gnu++0x";
				CLANG_CXX_LIBRARY = "libc++";
				CLANG_ENABLE_OBJC_ARC = YES;
				CLANG_WARN_CONSTANT_CONVERSION = YES;
				CLANG_WARN_EMPTY_BODY = YES;
				CLANG_WARN_ENUM_CONVERSION = YES;
				CLANG_WARN_INT_CONVERSION = YES;
				CLANG_WARN__DUPLICATE_METHOD_MATCH = YES;
				"CODE_SIGN_IDENTITY[sdk=iphoneos*]" = "iPhone Developer";
				COPY_PHASE_STRIP = NO;
				GCC_C_LANGUAGE_STANDARD = gnu99;
				GCC_DYNAMIC_NO_PIC = NO;
				GCC_OPTIMIZATION_LEVEL = 0;
				GCC_PREPROCESSOR_DEFINITIONS = (
					"DEBUG=1",
					"$(inherited)",
				);
				GCC_SYMBOLS_PRIVATE_EXTERN = NO;
				GCC_WARN_ABOUT_RETURN_TYPE = YES;
				GCC_WARN_UNINITIALIZED_AUTOS = YES;
				GCC_WARN_UNUSED_VARIABLE = YES;
				IPHONEOS_DEPLOYMENT_TARGET = 6.1;
				ONLY_ACTIVE_ARCH = YES;
				SDKROOT = iphoneos;
				TARGETED_DEVICE_FAMILY = "1,2";
			};
			name = Debug;
		};
		C23410A517190E0C00E7E802 /* Release */ = {
			isa = XCBuildConfiguration;
			buildSettings = {
				ALWAYS_SEARCH_USER_PATHS = NO;
				CLANG_CXX_LANGUAGE_STANDARD = "gnu++0x";
				CLANG_CXX_LIBRARY = "libc++";
				CLANG_ENABLE_OBJC_ARC = YES;
				CLANG_WARN_CONSTANT_CONVERSION = YES;
				CLANG_WARN_EMPTY_BODY = YES;
				CLANG_WARN_ENUM_CONVERSION = YES;
				CLANG_WARN_INT_CONVERSION = YES;
				CLANG_WARN__DUPLICATE_METHOD_MATCH = YES;
				"CODE_SIGN_IDENTITY[sdk=iphoneos*]" = "iPhone Developer";
				COPY_PHASE_STRIP = YES;
				GCC_C_LANGUAGE_STANDARD = gnu99;
				GCC_WARN_ABOUT_RETURN_TYPE = YES;
				GCC_WARN_UNINITIALIZED_AUTOS = YES;
				GCC_WARN_UNUSED_VARIABLE = YES;
				IPHONEOS_DEPLOYMENT_TARGET = 6.1;
				OTHER_CFLAGS = "-DNS_BLOCK_ASSERTIONS=1";
				SDKROOT = iphoneos;
				TARGETED_DEVICE_FAMILY = "1,2";
				VALIDATE_PRODUCT = YES;
			};
			name = Release;
		};
		C23410A717190E0C00E7E802 /* Debug */ = {
			isa = XCBuildConfiguration;
			buildSettings = {
				GCC_PRECOMPILE_PREFIX_HEADER = YES;
				GCC_PREFIX_HEADER = "DictionaryRemoveAllObjectsSample/DictionaryRemoveAllObjectsSample-Prefix.pch";
				INFOPLIST_FILE = "DictionaryRemoveAllObjectsSample/DictionaryRemoveAllObjectsSample-Info.plist";
				PRODUCT_NAME = "$(TARGET_NAME)";
				WRAPPER_EXTENSION = app;
			};
			name = Debug;
		};
		C23410A817190E0C00E7E802 /* Release */ = {
			isa = XCBuildConfiguration;
			buildSettings = {
				GCC_PRECOMPILE_PREFIX_HEADER = YES;
				GCC_PREFIX_HEADER = "DictionaryRemoveAllObjectsSample/DictionaryRemoveAllObjectsSample-Prefix.pch";
				INFOPLIST_FILE = "DictionaryRemoveAllObjectsSample/DictionaryRemoveAllObjectsSample-Info.plist";
				PRODUCT_NAME = "$(TARGET_NAME)";
				WRAPPER_EXTENSION = app;
			};
			name = Release;
		};
/* End XCBuildConfiguration section */

/* Begin XCConfigurationList section */
		C234107B17190E0C00E7E802 /* Build configuration list for PBXProject "DictionaryRemoveAllObjectsSample" */ = {
			isa = XCConfigurationList;
			buildConfigurations = (
				C23410A417190E0C00E7E802 /* Debug */,
				C23410A517190E0C00E7E802 /* Release */,
			);
			defaultConfigurationIsVisible = 0;
			defaultConfigurationName = Release;
		};
		C23410A617190E0C00E7E802 /* Build configuration list for PBXNativeTarget "DictionaryRemoveAllObjectsSample" */ = {
			isa = XCConfigurationList;
			buildConfigurations = (
				C23410A717190E0C00E7E802 /* Debug */,
				C23410A817190E0C00E7E802 /* Release */,
			);
			defaultConfigurationIsVisible = 0;
		};
/* End XCConfigurationList section */
	};
	rootObject = C234107817190E0C00E7E802 /* Project object */;
}
